
Microsoft Visual Studio Solution File, Format Version 12.00
# Visual Studio 15
VisualStudioVersion = 15.0.27428.2002
MinimumVisualStudioVersion = 10.0.40219.1
Project("{FAE04EC0-301F-11D3-BF4B-00C04F79EFBC}") = "PureMVC", "PureMVC\PureMVC.csproj", "{210DD781-E96B-4B8B-AA87-07D9F9123514}"
EndProject
Global
	GlobalSection(SolutionConfigurationPlatforms) = preSolution
		Debug|Any CPU = Debug|Any CPU
		Release|Any CPU = Release|Any CPU
	EndGlobalSection
	GlobalSection(ProjectConfigurationPlatforms) = postSolution
		{210DD781-E96B-4B8B-AA87-07D9F9123514}.Debug|Any CPU.ActiveCfg = Debug|Any CPU
		{210DD781-E96B-4B8B-AA87-07D9F9123514}.Debug|Any CPU.Build.0 = Debug|Any CPU
		{210DD781-E96B-4B8B-AA87-07D9F9123514}.Release|Any CPU.ActiveCfg = Release|Any CPU
		{210DD781-E96B-4B8B-AA87-07D9F9123514}.Release|Any CPU.Build.0 = Release|Any CPU
	EndGlobalSection
	GlobalSection(SolutionProperties) = preSolution
		HideSolutionNode = FALSE
	EndGlobalSection
	GlobalSection(ExtensibilityGlobals) = postSolution
		SolutionGuid = {84BF3DDC-C677-4DF2-93DB-1A6053BE93EC}
	EndGlobalSection
EndGlobal
